// !$*UTF8*$!
{
	archiveVersion = 1;
	classes = {
	};
	objectVersion = 56;
	objects = {

/* Begin PBXBuildFile section */
		0F0BFB612C368E86004F51E3 /* MyCollectionViewCell.swift in Sources */ = {isa = PBXBuildFile; fileRef = 0F0BFB5F2C368E86004F51E3 /* MyCollectionViewCell.swift */; };
		0F0BFB622C368E86004F51E3 /* myCollectionViewCell.xib in Resources */ = {isa = PBXBuildFile; fileRef = 0F0BFB602C368E86004F51E3 /* myCollectionViewCell.xib */; };
		0F330B6F2C352174003BBE9A /* AppDelegate.swift in Sources */ = {isa = PBXBuildFile; fileRef = 0F330B6E2C352174003BBE9A /* AppDelegate.swift */; };
		0F330B712C352174003BBE9A /* SceneDelegate.swift in Sources */ = {isa = PBXBuildFile; fileRef = 0F330B702C352174003BBE9A /* SceneDelegate.swift */; };
		0F330B732C352174003BBE9A /* ViewController.swift in Sources */ = {isa = PBXBuildFile; fileRef = 0F330B722C352174003BBE9A /* ViewController.swift */; };
		0F330B762C352174003BBE9A /* Main.storyboard in Resources */ = {isa = PBXBuildFile; fileRef = 0F330B742C352174003BBE9A /* Main.storyboard */; };
		0F330B782C352175003BBE9A /* Assets.xcassets in Resources */ = {isa = PBXBuildFile; fileRef = 0F330B772C352175003BBE9A /* Assets.xcassets */; };
		0F330B7B2C352175003BBE9A /* LaunchScreen.storyboard in Resources */ = {isa = PBXBuildFile; fileRef = 0F330B792C352175003BBE9A /* LaunchScreen.storyboard */; };
		0F330B832C353AC1003BBE9A /* EnergyView.swift in Sources */ = {isa = PBXBuildFile; fileRef = 0F330B822C353AC1003BBE9A /* EnergyView.swift */; };
		0F330B852C353B16003BBE9A /* createGradientLayer.swift in Sources */ = {isa = PBXBuildFile; fileRef = 0F330B842C353B16003BBE9A /* createGradientLayer.swift */; };
		0F330B8A2C355011003BBE9A /* CustomTabBarController.swift in Sources */ = {isa = PBXBuildFile; fileRef = 0F330B882C355011003BBE9A /* CustomTabBarController.swift */; };
		0F330B8B2C355011003BBE9A /* customTabBarController.xib in Resources */ = {isa = PBXBuildFile; fileRef = 0F330B892C355011003BBE9A /* customTabBarController.xib */; };
		0F330B8D2C355352003BBE9A /* WeatherView.swift in Sources */ = {isa = PBXBuildFile; fileRef = 0F330B8C2C355352003BBE9A /* WeatherView.swift */; };
		0F36A4082C37F8DF006184FF /* CurvedTabBar.swift in Sources */ = {isa = PBXBuildFile; fileRef = 0F36A4072C37F8DF006184FF /* CurvedTabBar.swift */; };
		0F48FA612C4654F5005E25BA /* GradientView.swift in Sources */ = {isa = PBXBuildFile; fileRef = 0F48FA602C4654F5005E25BA /* GradientView.swift */; };
		0FBCB65E2C3E477C00250D95 /* SecondCollectionViewCell.swift in Sources */ = {isa = PBXBuildFile; fileRef = 0FBCB65C2C3E477C00250D95 /* SecondCollectionViewCell.swift */; };
		0FBCB65F2C3E477C00250D95 /* SecondCollectionViewCell.xib in Resources */ = {isa = PBXBuildFile; fileRef = 0FBCB65D2C3E477C00250D95 /* SecondCollectionViewCell.xib */; };
		0FBCB6652C3E544F00250D95 /* SecondViewController.swift in Sources */ = {isa = PBXBuildFile; fileRef = 0FBCB6642C3E544F00250D95 /* SecondViewController.swift */; };
		0FBCB6672C3EB36C00250D95 /* ThirdViewController.swift in Sources */ = {isa = PBXBuildFile; fileRef = 0FBCB6662C3EB36C00250D95 /* ThirdViewController.swift */; };
		0FBCB6692C3EBB4600250D95 /* CircularProgressBarView.swift in Sources */ = {isa = PBXBuildFile; fileRef = 0FBCB6682C3EBB4600250D95 /* CircularProgressBarView.swift */; };
		0FC4E9DE2C3FC73400814932 /* ThirdCollectionViewCell.swift in Sources */ = {isa = PBXBuildFile; fileRef = 0FC4E9DC2C3FC73400814932 /* ThirdCollectionViewCell.swift */; };
		0FC4E9DF2C3FC73400814932 /* ThirdCollectionViewCell.xib in Resources */ = {isa = PBXBuildFile; fileRef = 0FC4E9DD2C3FC73400814932 /* ThirdCollectionViewCell.xib */; };
/* End PBXBuildFile section */

/* Begin PBXFileReference section */
		0F0BFB5F2C368E86004F51E3 /* MyCollectionViewCell.swift */ = {isa = PBXFileReference; lastKnownFileType = sourcecode.swift; path = MyCollectionViewCell.swift; sourceTree = "<group>"; };
		0F0BFB602C368E86004F51E3 /* myCollectionViewCell.xib */ = {isa = PBXFileReference; lastKnownFileType = file.xib; path = myCollectionViewCell.xib; sourceTree = "<group>"; };
		0F330B6B2C352174003BBE9A /* UIDesign.app */ = {isa = PBXFileReference; explicitFileType = wrapper.application; includeInIndex = 0; path = UIDesign.app; sourceTree = BUILT_PRODUCTS_DIR; };
		0F330B6E2C352174003BBE9A /* AppDelegate.swift */ = {isa = PBXFileReference; lastKnownFileType = sourcecode.swift; path = AppDelegate.swift; sourceTree = "<group>"; };
		0F330B702C352174003BBE9A /* SceneDelegate.swift */ = {isa = PBXFileReference; lastKnownFileType = sourcecode.swift; path = SceneDelegate.swift; sourceTree = "<group>"; };
		0F330B722C352174003BBE9A /* ViewController.swift */ = {isa = PBXFileReference; lastKnownFileType = sourcecode.swift; path = ViewController.swift; sourceTree = "<group>"; };
		0F330B752C352174003BBE9A /* Base */ = {isa = PBXFileReference; lastKnownFileType = file.storyboard; name = Base; path = Base.lproj/Main.storyboard; sourceTree = "<group>"; };
		0F330B772C352175003BBE9A /* Assets.xcassets */ = {isa = PBXFileReference; lastKnownFileType = folder.assetcatalog; path = Assets.xcassets; sourceTree = "<group>"; };
		0F330B7A2C352175003BBE9A /* Base */ = {isa = PBXFileReference; lastKnownFileType = file.storyboard; name = Base; path = Base.lproj/LaunchScreen.storyboard; sourceTree = "<group>"; };
		0F330B7C2C352175003BBE9A /* Info.plist */ = {isa = PBXFileReference; lastKnownFileType = text.plist.xml; path = Info.plist; sourceTree = "<group>"; };
		0F330B822C353AC1003BBE9A /* EnergyView.swift */ = {isa = PBXFileReference; lastKnownFileType = sourcecode.swift; path = EnergyView.swift; sourceTree = "<group>"; };
		0F330B842C353B16003BBE9A /* createGradientLayer.swift */ = {isa = PBXFileReference; lastKnownFileType = sourcecode.swift; path = createGradientLayer.swift; sourceTree = "<group>"; };
		0F330B882C355011003BBE9A /* CustomTabBarController.swift */ = {isa = PBXFileReference; lastKnownFileType = sourcecode.swift; path = CustomTabBarController.swift; sourceTree = "<group>"; };
		0F330B892C355011003BBE9A /* customTabBarController.xib */ = {isa = PBXFileReference; lastKnownFileType = file.xib; path = customTabBarController.xib; sourceTree = "<group>"; };
		0F330B8C2C355352003BBE9A /* WeatherView.swift */ = {isa = PBXFileReference; lastKnownFileType = sourcecode.swift; path = WeatherView.swift; sourceTree = "<group>"; };
		0F36A4072C37F8DF006184FF /* CurvedTabBar.swift */ = {isa = PBXFileReference; lastKnownFileType = sourcecode.swift; path = CurvedTabBar.swift; sourceTree = "<group>"; };
		0F48FA602C4654F5005E25BA /* GradientView.swift */ = {isa = PBXFileReference; lastKnownFileType = sourcecode.swift; path = GradientView.swift; sourceTree = "<group>"; };
		0FBCB65C2C3E477C00250D95 /* SecondCollectionViewCell.swift */ = {isa = PBXFileReference; lastKnownFileType = sourcecode.swift; path = SecondCollectionViewCell.swift; sourceTree = "<group>"; };
		0FBCB65D2C3E477C00250D95 /* SecondCollectionViewCell.xib */ = {isa = PBXFileReference; lastKnownFileType = file.xib; path = SecondCollectionViewCell.xib; sourceTree = "<group>"; };
		0FBCB6642C3E544F00250D95 /* SecondViewController.swift */ = {isa = PBXFileReference; lastKnownFileType = sourcecode.swift; path = SecondViewController.swift; sourceTree = "<group>"; };
		0FBCB6662C3EB36C00250D95 /* ThirdViewController.swift */ = {isa = PBXFileReference; lastKnownFileType = sourcecode.swift; path = ThirdViewController.swift; sourceTree = "<group>"; };
		0FBCB6682C3EBB4600250D95 /* CircularProgressBarView.swift */ = {isa = PBXFileReference; lastKnownFileType = sourcecode.swift; path = CircularProgressBarView.swift; sourceTree = "<group>"; };
		0FC4E9DC2C3FC73400814932 /* ThirdCollectionViewCell.swift */ = {isa = PBXFileReference; lastKnownFileType = sourcecode.swift; path = ThirdCollectionViewCell.swift; sourceTree = "<group>"; };
		0FC4E9DD2C3FC73400814932 /* ThirdCollectionViewCell.xib */ = {isa = PBXFileReference; lastKnownFileType = file.xib; path = ThirdCollectionViewCell.xib; sourceTree = "<group>"; };
/* End PBXFileReference section */

/* Begin PBXFrameworksBuildPhase section */
		0F330B682C352174003BBE9A /* Frameworks */ = {
			isa = PBXFrameworksBuildPhase;
			buildActionMask = 2147483647;
			files = (
			);
			runOnlyForDeploymentPostprocessing = 0;
		};
/* End PBXFrameworksBuildPhase section */

/* Begin PBXGroup section */
		0F330B622C352174003BBE9A = {
			isa = PBXGroup;
			children = (
				0F330B6D2C352174003BBE9A /* UIDesign */,
				0F330B6C2C352174003BBE9A /* Products */,
			);
			sourceTree = "<group>";
		};
		0F330B6C2C352174003BBE9A /* Products */ = {
			isa = PBXGroup;
			children = (
				0F330B6B2C352174003BBE9A /* UIDesign.app */,
			);
			name = Products;
			sourceTree = "<group>";
		};
		0F330B6D2C352174003BBE9A /* UIDesign */ = {
			isa = PBXGroup;
			children = (
				0F330B6E2C352174003BBE9A /* AppDelegate.swift */,
				0F330B702C352174003BBE9A /* SceneDelegate.swift */,
				0F330B882C355011003BBE9A /* CustomTabBarController.swift */,
				0F330B892C355011003BBE9A /* customTabBarController.xib */,
				0F0BFB5F2C368E86004F51E3 /* MyCollectionViewCell.swift */,
				0F0BFB602C368E86004F51E3 /* myCollectionViewCell.xib */,
				0FBCB65C2C3E477C00250D95 /* SecondCollectionViewCell.swift */,
				0FBCB65D2C3E477C00250D95 /* SecondCollectionViewCell.xib */,
				0FC4E9DC2C3FC73400814932 /* ThirdCollectionViewCell.swift */,
				0FC4E9DD2C3FC73400814932 /* ThirdCollectionViewCell.xib */,
				0F330B822C353AC1003BBE9A /* EnergyView.swift */,
				0F330B8C2C355352003BBE9A /* WeatherView.swift */,
				0F48FA602C4654F5005E25BA /* GradientView.swift */,
				0F330B842C353B16003BBE9A /* createGradientLayer.swift */,
				0F36A4072C37F8DF006184FF /* CurvedTabBar.swift */,
				0FBCB6682C3EBB4600250D95 /* CircularProgressBarView.swift */,
				0F330B742C352174003BBE9A /* Main.storyboard */,
				0F330B722C352174003BBE9A /* ViewController.swift */,
				0FBCB6642C3E544F00250D95 /* SecondViewController.swift */,
				0FBCB6662C3EB36C00250D95 /* ThirdViewController.swift */,
				0F330B772C352175003BBE9A /* Assets.xcassets */,
				0F330B792C352175003BBE9A /* LaunchScreen.storyboard */,
				0F330B7C2C352175003BBE9A /* Info.plist */,
			);
			path = UIDesign;
			sourceTree = "<group>";
		};
/* End PBXGroup section */

/* Begin PBXNativeTarget section */
		0F330B6A2C352174003BBE9A /* UIDesign */ = {
			isa = PBXNativeTarget;
			buildConfigurationList = 0F330B7F2C352175003BBE9A /* Build configuration list for PBXNativeTarget "UIDesign" */;
			buildPhases = (
				0F330B672C352174003BBE9A /* Sources */,
				0F330B682C352174003BBE9A /* Frameworks */,
				0F330B692C352174003BBE9A /* Resources */,
			);
			buildRules = (
			);
			dependencies = (
			);
			name = UIDesign;
			productName = UIDesign;
			productReference = 0F330B6B2C352174003BBE9A /* UIDesign.app */;
			productType = "com.apple.product-type.application";
		};
/* End PBXNativeTarget section */

/* Begin PBXProject section */
		0F330B632C352174003BBE9A /* Project object */ = {
			isa = PBXProject;
			attributes = {
				BuildIndependentTargetsInParallel = 1;
				LastSwiftUpdateCheck = 1430;
				LastUpgradeCheck = 1430;
				TargetAttributes = {
					0F330B6A2C352174003BBE9A = {
						CreatedOnToolsVersion = 14.3.1;
					};
				};
			};
			buildConfigurationList = 0F330B662C352174003BBE9A /* Build configuration list for PBXProject "UIDesign" */;
			compatibilityVersion = "Xcode 14.0";
			developmentRegion = en;
			hasScannedForEncodings = 0;
			knownRegions = (
				en,
				Base,
			);
			mainGroup = 0F330B622C352174003BBE9A;
			productRefGroup = 0F330B6C2C352174003BBE9A /* Products */;
			projectDirPath = "";
			projectRoot = "";
			targets = (
				0F330B6A2C352174003BBE9A /* UIDesign */,
			);
		};
/* End PBXProject section */

/* Begin PBXResourcesBuildPhase section */
		0F330B692C352174003BBE9A /* Resources */ = {
			isa = PBXResourcesBuildPhase;
			buildActionMask = 2147483647;
			files = (
				0F330B7B2C352175003BBE9A /* LaunchScreen.storyboard in Resources */,
				0F330B782C352175003BBE9A /* Assets.xcassets in Resources */,
				0FBCB65F2C3E477C00250D95 /* SecondCollectionViewCell.xib in Resources */,
				0F330B8B2C355011003BBE9A /* customTabBarController.xib in Resources */,
				0FC4E9DF2C3FC73400814932 /* ThirdCollectionViewCell.xib in Resources */,
				0F0BFB622C368E86004F51E3 /* myCollectionViewCell.xib in Resources */,
				0F330B762C352174003BBE9A /* Main.storyboard in Resources */,
			);
			runOnlyForDeploymentPostprocessing = 0;
		};
/* End PBXResourcesBuildPhase section */

/* Begin PBXSourcesBuildPhase section */
		0F330B672C352174003BBE9A /* Sources */ = {
			isa = PBXSourcesBuildPhase;
			buildActionMask = 2147483647;
			files = (
				0FBCB6692C3EBB4600250D95 /* CircularProgressBarView.swift in Sources */,
				0FBCB6652C3E544F00250D95 /* SecondViewController.swift in Sources */,
				0F330B732C352174003BBE9A /* ViewController.swift in Sources */,
				0FBCB65E2C3E477C00250D95 /* SecondCollectionViewCell.swift in Sources */,
				0F330B6F2C352174003BBE9A /* AppDelegate.swift in Sources */,
				0F330B852C353B16003BBE9A /* createGradientLayer.swift in Sources */,
				0F48FA612C4654F5005E25BA /* GradientView.swift in Sources */,
				0F330B712C352174003BBE9A /* SceneDelegate.swift in Sources */,
				0F330B8A2C355011003BBE9A /* CustomTabBarController.swift in Sources */,
				0F36A4082C37F8DF006184FF /* CurvedTabBar.swift in Sources */,
				0F0BFB612C368E86004F51E3 /* MyCollectionViewCell.swift in Sources */,
				0F330B832C353AC1003BBE9A /* EnergyView.swift in Sources */,
				0FC4E9DE2C3FC73400814932 /* ThirdCollectionViewCell.swift in Sources */,
				0F330B8D2C355352003BBE9A /* WeatherView.swift in Sources */,
				0FBCB6672C3EB36C00250D95 /* ThirdViewController.swift in Sources */,
			);
			runOnlyForDeploymentPostprocessing = 0;
		};
/* End PBXSourcesBuildPhase section */

/* Begin PBXVariantGroup section */
		0F330B742C352174003BBE9A /* Main.storyboard */ = {
			isa = PBXVariantGroup;
			children = (
				0F330B752C352174003BBE9A /* Base */,
			);
			name = Main.storyboard;
			sourceTree = "<group>";
		};
		0F330B792C352175003BBE9A /* LaunchScreen.storyboard */ = {
			isa = PBXVariantGroup;
			children = (
				0F330B7A2C352175003BBE9A /* Base */,
			);
			name = LaunchScreen.storyboard;
			sourceTree = "<group>";
		};
/* End PBXVariantGroup section */

/* Begin XCBuildConfiguration section */
		0F330B7D2C352175003BBE9A /* Debug */ = {
			isa = XCBuildConfiguration;
			buildSettings = {
				ALWAYS_SEARCH_USER_PATHS = NO;
				CLANG_ANALYZER_NONNULL = YES;
				CLANG_ANALYZER_NUMBER_OBJECT_CONVERSION = YES_AGGRESSIVE;
				CLANG_CXX_LANGUAGE_STANDARD = "gnu++20";
				CLANG_ENABLE_MODULES = YES;
				CLANG_ENABLE_OBJC_ARC = YES;
				CLANG_ENABLE_OBJC_WEAK = YES;
				CLANG_WARN_BLOCK_CAPTURE_AUTORELEASING = YES;
				CLANG_WARN_BOOL_CONVERSION = YES;
				CLANG_WARN_COMMA = YES;
				CLANG_WARN_CONSTANT_CONVERSION = YES;
				CLANG_WARN_DEPRECATED_OBJC_IMPLEMENTATIONS = YES;
				CLANG_WARN_DIRECT_OBJC_ISA_USAGE = YES_ERROR;
				CLANG_WARN_DOCUMENTATION_COMMENTS = YES;
				CLANG_WARN_EMPTY_BODY = YES;
				CLANG_WARN_ENUM_CONVERSION = YES;
				CLANG_WARN_INFINITE_RECURSION = YES;
				CLANG_WARN_INT_CONVERSION = YES;
				CLANG_WARN_NON_LITERAL_NULL_CONVERSION = YES;
				CLANG_WARN_OBJC_IMPLICIT_RETAIN_SELF = YES;
				CLANG_WARN_OBJC_LITERAL_CONVERSION = YES;
				CLANG_WARN_OBJC_ROOT_CLASS = YES_ERROR;
				CLANG_WARN_QUOTED_INCLUDE_IN_FRAMEWORK_HEADER = YES;
				CLANG_WARN_RANGE_LOOP_ANALYSIS = YES;
				CLANG_WARN_STRICT_PROTOTYPES = YES;
				CLANG_WARN_SUSPICIOUS_MOVE = YES;
				CLANG_WARN_UNGUARDED_AVAILABILITY = YES_AGGRESSIVE;
				CLANG_WARN_UNREACHABLE_CODE = YES;
				CLANG_WARN__DUPLICATE_METHOD_MATCH = YES;
				COPY_PHASE_STRIP = NO;
				DEBUG_INFORMATION_FORMAT = dwarf;
				ENABLE_STRICT_OBJC_MSGSEND = YES;
				ENABLE_TESTABILITY = YES;
				GCC_C_LANGUAGE_STANDARD = gnu11;
				GCC_DYNAMIC_NO_PIC = NO;
				GCC_NO_COMMON_BLOCKS = YES;
				GCC_OPTIMIZATION_LEVEL = 0;
				GCC_PREPROCESSOR_DEFINITIONS = (
					"DEBUG=1",
					"$(inherited)",
				);
				GCC_WARN_64_TO_32_BIT_CONVERSION = YES;
				GCC_WARN_ABOUT_RETURN_TYPE = YES_ERROR;
				GCC_WARN_UNDECLARED_SELECTOR = YES;
				GCC_WARN_UNINITIALIZED_AUTOS = YES_AGGRESSIVE;
				GCC_WARN_UNUSED_FUNCTION = YES;
				GCC_WARN_UNUSED_VARIABLE = YES;
				IPHONEOS_DEPLOYMENT_TARGET = 16.4;
				MTL_ENABLE_DEBUG_INFO = INCLUDE_SOURCE;
				MTL_FAST_MATH = YES;
				ONLY_ACTIVE_ARCH = YES;
				SDKROOT = iphoneos;
				SWIFT_ACTIVE_COMPILATION_CONDITIONS = DEBUG;
				SWIFT_OPTIMIZATION_LEVEL = "-Onone";
			};
			name = Debug;
		};
		0F330B7E2C352175003BBE9A /* Release */ = {
			isa = XCBuildConfiguration;
			buildSettings = {
				ALWAYS_SEARCH_USER_PATHS = NO;
				CLANG_ANALYZER_NONNULL = YES;
				CLANG_ANALYZER_NUMBER_OBJECT_CONVERSION = YES_AGGRESSIVE;
				CLANG_CXX_LANGUAGE_STANDARD = "gnu++20";
				CLANG_ENABLE_MODULES = YES;
				CLANG_ENABLE_OBJC_ARC = YES;
				CLANG_ENABLE_OBJC_WEAK = YES;
				CLANG_WARN_BLOCK_CAPTURE_AUTORELEASING = YES;
				CLANG_WARN_BOOL_CONVERSION = YES;
				CLANG_WARN_COMMA = YES;
				CLANG_WARN_CONSTANT_CONVERSION = YES;
				CLANG_WARN_DEPRECATED_OBJC_IMPLEMENTATIONS = YES;
				CLANG_WARN_DIRECT_OBJC_ISA_USAGE = YES_ERROR;
				CLANG_WARN_DOCUMENTATION_COMMENTS = YES;
				CLANG_WARN_EMPTY_BODY = YES;
				CLANG_WARN_ENUM_CONVERSION = YES;
				CLANG_WARN_INFINITE_RECURSION = YES;
				CLANG_WARN_INT_CONVERSION = YES;
				CLANG_WARN_NON_LITERAL_NULL_CONVERSION = YES;
				CLANG_WARN_OBJC_IMPLICIT_RETAIN_SELF = YES;
				CLANG_WARN_OBJC_LITERAL_CONVERSION = YES;
				CLANG_WARN_OBJC_ROOT_CLASS = YES_ERROR;
				CLANG_WARN_QUOTED_INCLUDE_IN_FRAMEWORK_HEADER = YES;
				CLANG_WARN_RANGE_LOOP_ANALYSIS = YES;
				CLANG_WARN_STRICT_PROTOTYPES = YES;
				CLANG_WARN_SUSPICIOUS_MOVE = YES;
				CLANG_WARN_UNGUARDED_AVAILABILITY = YES_AGGRESSIVE;
				CLANG_WARN_UNREACHABLE_CODE = YES;
				CLANG_WARN__DUPLICATE_METHOD_MATCH = YES;
				COPY_PHASE_STRIP = NO;
				DEBUG_INFORMATION_FORMAT = "dwarf-with-dsym";
				ENABLE_NS_ASSERTIONS = NO;
				ENABLE_STRICT_OBJC_MSGSEND = YES;
				GCC_C_LANGUAGE_STANDARD = gnu11;
				GCC_NO_COMMON_BLOCKS = YES;
				GCC_WARN_64_TO_32_BIT_CONVERSION = YES;
				GCC_WARN_ABOUT_RETURN_TYPE = YES_ERROR;
				GCC_WARN_UNDECLARED_SELECTOR = YES;
				GCC_WARN_UNINITIALIZED_AUTOS = YES_AGGRESSIVE;
				GCC_WARN_UNUSED_FUNCTION = YES;
				GCC_WARN_UNUSED_VARIABLE = YES;
				IPHONEOS_DEPLOYMENT_TARGET = 16.4;
				MTL_ENABLE_DEBUG_INFO = NO;
				MTL_FAST_MATH = YES;
				SDKROOT = iphoneos;
				SWIFT_COMPILATION_MODE = wholemodule;
				SWIFT_OPTIMIZATION_LEVEL = "-O";
				VALIDATE_PRODUCT = YES;
			};
			name = Release;
		};
		0F330B802C352175003BBE9A /* Debug */ = {
			isa = XCBuildConfiguration;
			buildSettings = {
				ASSETCATALOG_COMPILER_APPICON_NAME = AppIcon;
				ASSETCATALOG_COMPILER_GLOBAL_ACCENT_COLOR_NAME = AccentColor;
				CODE_SIGN_STYLE = Automatic;
				CURRENT_PROJECT_VERSION = 1;
				DEVELOPMENT_TEAM = 3EGXVN72T4;
				GENERATE_INFOPLIST_FILE = YES;
				INFOPLIST_FILE = UIDesign/Info.plist;
				INFOPLIST_KEY_UIApplicationSupportsIndirectInputEvents = YES;
				INFOPLIST_KEY_UILaunchStoryboardName = LaunchScreen;
				INFOPLIST_KEY_UIMainStoryboardFile = Main;
				INFOPLIST_KEY_UISupportedInterfaceOrientations_iPad = "UIInterfaceOrientationPortrait UIInterfaceOrientationPortraitUpsideDown UIInterfaceOrientationLandscapeLeft UIInterfaceOrientationLandscapeRight";
				INFOPLIST_KEY_UISupportedInterfaceOrientations_iPhone = "UIInterfaceOrientationPortrait UIInterfaceOrientationLandscapeLeft UIInterfaceOrientationLandscapeRight";
				LD_RUNPATH_SEARCH_PATHS = (
					"$(inherited)",
					"@executable_path/Frameworks",
				);
				MARKETING_VERSION = 1.0;
				PRODUCT_BUNDLE_IDENTIFIER = com.ColoringBook.UIDesign;
				PRODUCT_NAME = "$(TARGET_NAME)";
				SWIFT_EMIT_LOC_STRINGS = YES;
				SWIFT_VERSION = 5.0;
				TARGETED_DEVICE_FAMILY = "1,2";
			};
			name = Debug;
		};
		0F330B812C352175003BBE9A /* Release */ = {
			isa = XCBuildConfiguration;
			buildSettings = {
				ASSETCATALOG_COMPILER_APPICON_NAME = AppIcon;
				ASSETCATALOG_COMPILER_GLOBAL_ACCENT_COLOR_NAME = AccentColor;
				CODE_SIGN_STYLE = Automatic;
				CURRENT_PROJECT_VERSION = 1;
				DEVELOPMENT_TEAM = 3EGXVN72T4;
				GENERATE_INFOPLIST_FILE = YES;
				INFOPLIST_FILE = UIDesign/Info.plist;
				INFOPLIST_KEY_UIApplicationSupportsIndirectInputEvents = YES;
				INFOPLIST_KEY_UILaunchStoryboardName = LaunchScreen;
				INFOPLIST_KEY_UIMainStoryboardFile = Main;
				INFOPLIST_KEY_UISupportedInterfaceOrientations_iPad = "UIInterfaceOrientationPortrait UIInterfaceOrientationPortraitUpsideDown UIInterfaceOrientationLandscapeLeft UIInterfaceOrientationLandscapeRight";
				INFOPLIST_KEY_UISupportedInterfaceOrientations_iPhone = "UIInterfaceOrientationPortrait UIInterfaceOrientationLandscapeLeft UIInterfaceOrientationLandscapeRight";
				LD_RUNPATH_SEARCH_PATHS = (
					"$(inherited)",
					"@executable_path/Frameworks",
				);
				MARKETING_VERSION = 1.0;
				PRODUCT_BUNDLE_IDENTIFIER = com.ColoringBook.UIDesign;
				PRODUCT_NAME = "$(TARGET_NAME)";
				SWIFT_EMIT_LOC_STRINGS = YES;
				SWIFT_VERSION = 5.0;
				TARGETED_DEVICE_FAMILY = "1,2";
			};
			name = Release;
		};
/* End XCBuildConfiguration section */

/* Begin XCConfigurationList section */
		0F330B662C352174003BBE9A /* Build configuration list for PBXProject "UIDesign" */ = {
			isa = XCConfigurationList;
			buildConfigurations = (
				0F330B7D2C352175003BBE9A /* Debug */,
				0F330B7E2C352175003BBE9A /* Release */,
			);
			defaultConfigurationIsVisible = 0;
			defaultConfigurationName = Release;
		};
		0F330B7F2C352175003BBE9A /* Build configuration list for PBXNativeTarget "UIDesign" */ = {
			isa = XCConfigurationList;
			buildConfigurations = (
				0F330B802C352175003BBE9A /* Debug */,
				0F330B812C352175003BBE9A /* Release */,
			);
			defaultConfigurationIsVisible = 0;
			defaultConfigurationName = Release;
		};
/* End XCConfigurationList section */
	};
	rootObject = 0F330B632C352174003BBE9A /* Project object */;
}
